
Microsoft Visual Studio Solution File, Format Version 12.00
# Visual Studio Version 16
VisualStudioVersion = 16.0.31702.278
MinimumVisualStudioVersion = 10.0.40219.1
Project("{FAE04EC0-301F-11D3-BF4B-00C04F79EFBC}") = "FontRasterizer", "FontRasterizer\FontRasterizer.csproj", "{FFE57915-BA51-4090-9DF3-4E8820FF8545}"
EndProject
Global
	GlobalSection(SolutionConfigurationPlatforms) = preSolution
		Debug|Any CPU = Debug|Any CPU
		Release|Any CPU = Release|Any CPU
	EndGlobalSection
	GlobalSection(ProjectConfigurationPlatforms) = postSolution
		{FFE57915-BA51-4090-9DF3-4E8820FF8545}.Debug|Any CPU.ActiveCfg = Debug|Any CPU
		{FFE57915-BA51-4090-9DF3-4E8820FF8545}.Debug|Any CPU.Build.0 = Debug|Any CPU
		{FFE57915-BA51-4090-9DF3-4E8820FF8545}.Release|Any CPU.ActiveCfg = Release|Any CPU
		{FFE57915-BA51-4090-9DF3-4E8820FF8545}.Release|Any CPU.Build.0 = Release|Any CPU
	EndGlobalSection
	GlobalSection(SolutionProperties) = preSolution
		HideSolutionNode = FALSE
	EndGlobalSection
	GlobalSection(ExtensibilityGlobals) = postSolution
		SolutionGuid = {B5AE743E-6D6E-49A4-BA7A-F2C3D3FD7920}
	EndGlobalSection
EndGlobal
